// !$*UTF8*$!
{
	archiveVersion = 1;
	classes = {
	};
	objectVersion = 46;
	objects = {

/* Begin PBXBuildFile section */
		BE0514631EBC30D2005A90B5 /* NSObject+Common.m in Sources */ = {isa = PBXBuildFile; fileRef = BE05145D1EBC30D2005A90B5 /* NSObject+Common.m */; };
		BE0514641EBC30D2005A90B5 /* NSString+PJR.m in Sources */ = {isa = PBXBuildFile; fileRef = BE05145F1EBC30D2005A90B5 /* NSString+PJR.m */; };
		BE0514651EBC30D2005A90B5 /* NSString+QRCode.m in Sources */ = {isa = PBXBuildFile; fileRef = BE0514611EBC30D2005A90B5 /* NSString+QRCode.m */; };
		BE05146B1EBC3309005A90B5 /* AppDelegate+Category.m in Sources */ = {isa = PBXBuildFile; fileRef = BE05146A1EBC3309005A90B5 /* AppDelegate+Category.m */; };
		BE05148C1EBC7556005A90B5 /* DuoWanNetManager.m in Sources */ = {isa = PBXBuildFile; fileRef = BE05148B1EBC7556005A90B5 /* DuoWanNetManager.m */; };
		BE0514921EBC757D005A90B5 /* XiMaNetManager.m in Sources */ = {isa = PBXBuildFile; fileRef = BE0514911EBC757D005A90B5 /* XiMaNetManager.m */; };
		BE3713DA1EC550F000D918DC /* TuWanModel.m in Sources */ = {isa = PBXBuildFile; fileRef = BE3713D91EC550F000D918DC /* TuWanModel.m */; };
		BE3713DD1EC5511100D918DC /* TuWanNetManager.m in Sources */ = {isa = PBXBuildFile; fileRef = BE3713DC1EC5511100D918DC /* TuWanNetManager.m */; };
		BE696E561EC2EC5000CC1080 /* GiftModel.m in Sources */ = {isa = PBXBuildFile; fileRef = BE696E551EC2EC5000CC1080 /* GiftModel.m */; };
		BE696E591EC2EE8C00CC1080 /* RuneModel.m in Sources */ = {isa = PBXBuildFile; fileRef = BE696E581EC2EE8C00CC1080 /* RuneModel.m */; };
		BE696E5C1EC2F0A800CC1080 /* SumAbilityModel.m in Sources */ = {isa = PBXBuildFile; fileRef = BE696E5B1EC2F0A800CC1080 /* SumAbilityModel.m */; };
		BE696E5F1EC2F15700CC1080 /* BestGroupModel.m in Sources */ = {isa = PBXBuildFile; fileRef = BE696E5E1EC2F15700CC1080 /* BestGroupModel.m */; };
		BE696E621EC2F23500CC1080 /* HeroWeekDataModel.m in Sources */ = {isa = PBXBuildFile; fileRef = BE696E611EC2F23500CC1080 /* HeroWeekDataModel.m */; };
		BE77C1D91EC565CF0025D288 /* DuoWanTabBarController.m in Sources */ = {isa = PBXBuildFile; fileRef = BE77C1D81EC565CF0025D288 /* DuoWanTabBarController.m */; };
		BE77C1DC1EC566FC0025D288 /* TuWanViewController.m in Sources */ = {isa = PBXBuildFile; fileRef = BE77C1DB1EC566FC0025D288 /* TuWanViewController.m */; };
		BE77C1DF1EC567290025D288 /* MyInfoViewController.m in Sources */ = {isa = PBXBuildFile; fileRef = BE77C1DE1EC567290025D288 /* MyInfoViewController.m */; };
		BE77C1E21EC567610025D288 /* RankListViewController.m in Sources */ = {isa = PBXBuildFile; fileRef = BE77C1E11EC567610025D288 /* RankListViewController.m */; };
		BE77C1E51EC568B00025D288 /* LeftViewController.m in Sources */ = {isa = PBXBuildFile; fileRef = BE77C1E41EC568B00025D288 /* LeftViewController.m */; };
		BE78C6471EC461E60000E866 /* RankingListModel.m in Sources */ = {isa = PBXBuildFile; fileRef = BE78C6461EC461E60000E866 /* RankingListModel.m */; };
		BE78C64A1EC463280000E866 /* AlbumModel.m in Sources */ = {isa = PBXBuildFile; fileRef = BE78C6491EC463280000E866 /* AlbumModel.m */; };
		BE94D3A01EC2CF2B002D5311 /* FreeHeroModel.m in Sources */ = {isa = PBXBuildFile; fileRef = BE94D39F1EC2CF2B002D5311 /* FreeHeroModel.m */; };
		BE94D3A31EC2CF7D002D5311 /* AllHeroModel.m in Sources */ = {isa = PBXBuildFile; fileRef = BE94D3A21EC2CF7D002D5311 /* AllHeroModel.m */; };
		BE94D3A61EC2DBE4002D5311 /* HeroSkinModel.m in Sources */ = {isa = PBXBuildFile; fileRef = BE94D3A51EC2DBE4002D5311 /* HeroSkinModel.m */; };
		BE94D3A91EC2DEE2002D5311 /* HeroVideoModel.m in Sources */ = {isa = PBXBuildFile; fileRef = BE94D3A81EC2DEE2002D5311 /* HeroVideoModel.m */; };
		BE94D3AC1EC2DFEB002D5311 /* HeroCZModel.m in Sources */ = {isa = PBXBuildFile; fileRef = BE94D3AB1EC2DFEB002D5311 /* HeroCZModel.m */; };
		BE94D3AF1EC2E14B002D5311 /* HeroDetailModel.m in Sources */ = {isa = PBXBuildFile; fileRef = BE94D3AE1EC2E14B002D5311 /* HeroDetailModel.m */; };
		BE94D3B21EC2E770002D5311 /* HeroGiftModel.m in Sources */ = {isa = PBXBuildFile; fileRef = BE94D3B11EC2E770002D5311 /* HeroGiftModel.m */; };
		BE94D3B51EC2E81B002D5311 /* HeroChangeModel.m in Sources */ = {isa = PBXBuildFile; fileRef = BE94D3B41EC2E81B002D5311 /* HeroChangeModel.m */; };
		BE94D3B81EC2E93B002D5311 /* ToolMenuModel.m in Sources */ = {isa = PBXBuildFile; fileRef = BE94D3B71EC2E93B002D5311 /* ToolMenuModel.m */; };
		BE94D3BB1EC2E9B7002D5311 /* ZBCategoryModel.m in Sources */ = {isa = PBXBuildFile; fileRef = BE94D3BA1EC2E9B7002D5311 /* ZBCategoryModel.m */; };
		BE94D3BE1EC2EA17002D5311 /* ZBItemModel.m in Sources */ = {isa = PBXBuildFile; fileRef = BE94D3BD1EC2EA17002D5311 /* ZBItemModel.m */; };
		BE94D3C11EC2EB03002D5311 /* ZBDetailModel.m in Sources */ = {isa = PBXBuildFile; fileRef = BE94D3C01EC2EB03002D5311 /* ZBDetailModel.m */; };
		BEB37D9F1EA760C200FE155F /* main.m in Sources */ = {isa = PBXBuildFile; fileRef = BEB37D9E1EA760C200FE155F /* main.m */; };
		BEB37DA21EA760C200FE155F /* AppDelegate.m in Sources */ = {isa = PBXBuildFile; fileRef = BEB37DA11EA760C200FE155F /* AppDelegate.m */; };
		BEB37DA81EA760C200FE155F /* Main.storyboard in Resources */ = {isa = PBXBuildFile; fileRef = BEB37DA61EA760C200FE155F /* Main.storyboard */; };
		BEB37DAA1EA760C200FE155F /* Assets.xcassets in Resources */ = {isa = PBXBuildFile; fileRef = BEB37DA91EA760C200FE155F /* Assets.xcassets */; };
		BEB37DAD1EA760C200FE155F /* LaunchScreen.storyboard in Resources */ = {isa = PBXBuildFile; fileRef = BEB37DAB1EA760C200FE155F /* LaunchScreen.storyboard */; };
		BEB37DC01EA7627A00FE155F /* BaseModel.m in Sources */ = {isa = PBXBuildFile; fileRef = BEB37DBF1EA7627A00FE155F /* BaseModel.m */; };
		BEB37DC31EA762AC00FE155F /* BaseNetManager.m in Sources */ = {isa = PBXBuildFile; fileRef = BEB37DC21EA762AC00FE155F /* BaseNetManager.m */; };
		BEB37DC81EA763A900FE155F /* ScrollDisplayViewController.m in Sources */ = {isa = PBXBuildFile; fileRef = BEB37DC71EA763A900FE155F /* ScrollDisplayViewController.m */; };
		BEB37E651EADF37A00FE155F /* BaseViewModel.m in Sources */ = {isa = PBXBuildFile; fileRef = BEB37E641EADF37A00FE155F /* BaseViewModel.m */; };
		BEB37E991EAF4E7900FE155F /* libsqlite3.0.tbd in Frameworks */ = {isa = PBXBuildFile; fileRef = BEB37E981EAF4E7900FE155F /* libsqlite3.0.tbd */; };
		BEDFA7611ED5319C005A45EB /* Factory.m in Sources */ = {isa = PBXBuildFile; fileRef = BEDFA7601ED5319C005A45EB /* Factory.m */; };
		BEDFA7641ED53686005A45EB /* TuWanViewModel.m in Sources */ = {isa = PBXBuildFile; fileRef = BEDFA7631ED53686005A45EB /* TuWanViewModel.m */; };
		BEDFA7671ED68712005A45EB /* TuWanListViewController.m in Sources */ = {isa = PBXBuildFile; fileRef = BEDFA7661ED68712005A45EB /* TuWanListViewController.m */; };
		BEDFA76A1ED687AB005A45EB /* TuWanListCell.m in Sources */ = {isa = PBXBuildFile; fileRef = BEDFA7691ED687AB005A45EB /* TuWanListCell.m */; };
		BEDFA76D1ED6C0E8005A45EB /* TuWanImageCell.m in Sources */ = {isa = PBXBuildFile; fileRef = BEDFA76C1ED6C0E8005A45EB /* TuWanImageCell.m */; };
		F400F60A8ADE41586FE89506 /* libPods-MyProject.a in Frameworks */ = {isa = PBXBuildFile; fileRef = D6211ADE1C455B4ABF3B8907 /* libPods-MyProject.a */; };
/* End PBXBuildFile section */

/* Begin PBXFileReference section */
		7BC8A589A3619F435457CCB6 /* Pods-MyProject.debug.xcconfig */ = {isa = PBXFileReference; includeInIndex = 1; lastKnownFileType = text.xcconfig; name = "Pods-MyProject.debug.xcconfig"; path = "Pods/Target Support Files/Pods-MyProject/Pods-MyProject.debug.xcconfig"; sourceTree = "<group>"; };
		B7135650771331DC04E72018 /* Pods-MyProject.release.xcconfig */ = {isa = PBXFileReference; includeInIndex = 1; lastKnownFileType = text.xcconfig; name = "Pods-MyProject.release.xcconfig"; path = "Pods/Target Support Files/Pods-MyProject/Pods-MyProject.release.xcconfig"; sourceTree = "<group>"; };
		BE05145C1EBC30D2005A90B5 /* NSObject+Common.h */ = {isa = PBXFileReference; fileEncoding = 4; lastKnownFileType = sourcecode.c.h; path = "NSObject+Common.h"; sourceTree = "<group>"; };
		BE05145D1EBC30D2005A90B5 /* NSObject+Common.m */ = {isa = PBXFileReference; fileEncoding = 4; lastKnownFileType = sourcecode.c.objc; path = "NSObject+Common.m"; sourceTree = "<group>"; };
		BE05145E1EBC30D2005A90B5 /* NSString+PJR.h */ = {isa = PBXFileReference; fileEncoding = 4; lastKnownFileType = sourcecode.c.h; path = "NSString+PJR.h"; sourceTree = "<group>"; };
		BE05145F1EBC30D2005A90B5 /* NSString+PJR.m */ = {isa = PBXFileReference; fileEncoding = 4; lastKnownFileType = sourcecode.c.objc; path = "NSString+PJR.m"; sourceTree = "<group>"; };
		BE0514601EBC30D2005A90B5 /* NSString+QRCode.h */ = {isa = PBXFileReference; fileEncoding = 4; lastKnownFileType = sourcecode.c.h; path = "NSString+QRCode.h"; sourceTree = "<group>"; };
		BE0514611EBC30D2005A90B5 /* NSString+QRCode.m */ = {isa = PBXFileReference; fileEncoding = 4; lastKnownFileType = sourcecode.c.objc; path = "NSString+QRCode.m"; sourceTree = "<group>"; };
		BE0514691EBC3309005A90B5 /* AppDelegate+Category.h */ = {isa = PBXFileReference; fileEncoding = 4; lastKnownFileType = sourcecode.c.h; path = "AppDelegate+Category.h"; sourceTree = "<group>"; };
		BE05146A1EBC3309005A90B5 /* AppDelegate+Category.m */ = {isa = PBXFileReference; fileEncoding = 4; lastKnownFileType = sourcecode.c.objc; path = "AppDelegate+Category.m"; sourceTree = "<group>"; };
		BE05148A1EBC7556005A90B5 /* DuoWanNetManager.h */ = {isa = PBXFileReference; fileEncoding = 4; lastKnownFileType = sourcecode.c.h; path = DuoWanNetManager.h; sourceTree = "<group>"; };
		BE05148B1EBC7556005A90B5 /* DuoWanNetManager.m */ = {isa = PBXFileReference; fileEncoding = 4; lastKnownFileType = sourcecode.c.objc; path = DuoWanNetManager.m; sourceTree = "<group>"; };
		BE0514901EBC757D005A90B5 /* XiMaNetManager.h */ = {isa = PBXFileReference; fileEncoding = 4; lastKnownFileType = sourcecode.c.h; path = XiMaNetManager.h; sourceTree = "<group>"; };
		BE0514911EBC757D005A90B5 /* XiMaNetManager.m */ = {isa = PBXFileReference; fileEncoding = 4; lastKnownFileType = sourcecode.c.objc; path = XiMaNetManager.m; sourceTree = "<group>"; };
		BE3713D81EC550F000D918DC /* TuWanModel.h */ = {isa = PBXFileReference; fileEncoding = 4; lastKnownFileType = sourcecode.c.h; path = TuWanModel.h; sourceTree = "<group>"; };
		BE3713D91EC550F000D918DC /* TuWanModel.m */ = {isa = PBXFileReference; fileEncoding = 4; lastKnownFileType = sourcecode.c.objc; path = TuWanModel.m; sourceTree = "<group>"; };
		BE3713DB1EC5511100D918DC /* TuWanNetManager.h */ = {isa = PBXFileReference; fileEncoding = 4; lastKnownFileType = sourcecode.c.h; path = TuWanNetManager.h; sourceTree = "<group>"; };
		BE3713DC1EC5511100D918DC /* TuWanNetManager.m */ = {isa = PBXFileReference; fileEncoding = 4; lastKnownFileType = sourcecode.c.objc; path = TuWanNetManager.m; sourceTree = "<group>"; };
		BE696E541EC2EC5000CC1080 /* GiftModel.h */ = {isa = PBXFileReference; fileEncoding = 4; lastKnownFileType = sourcecode.c.h; path = GiftModel.h; sourceTree = "<group>"; };
		BE696E551EC2EC5000CC1080 /* GiftModel.m */ = {isa = PBXFileReference; fileEncoding = 4; lastKnownFileType = sourcecode.c.objc; path = GiftModel.m; sourceTree = "<group>"; };
		BE696E571EC2EE8C00CC1080 /* RuneModel.h */ = {isa = PBXFileReference; fileEncoding = 4; lastKnownFileType = sourcecode.c.h; path = RuneModel.h; sourceTree = "<group>"; };
		BE696E581EC2EE8C00CC1080 /* RuneModel.m */ = {isa = PBXFileReference; fileEncoding = 4; lastKnownFileType = sourcecode.c.objc; path = RuneModel.m; sourceTree = "<group>"; };
		BE696E5A1EC2F0A800CC1080 /* SumAbilityModel.h */ = {isa = PBXFileReference; fileEncoding = 4; lastKnownFileType = sourcecode.c.h; path = SumAbilityModel.h; sourceTree = "<group>"; };
		BE696E5B1EC2F0A800CC1080 /* SumAbilityModel.m */ = {isa = PBXFileReference; fileEncoding = 4; lastKnownFileType = sourcecode.c.objc; path = SumAbilityModel.m; sourceTree = "<group>"; };
		BE696E5D1EC2F15700CC1080 /* BestGroupModel.h */ = {isa = PBXFileReference; fileEncoding = 4; lastKnownFileType = sourcecode.c.h; path = BestGroupModel.h; sourceTree = "<group>"; };
		BE696E5E1EC2F15700CC1080 /* BestGroupModel.m */ = {isa = PBXFileReference; fileEncoding = 4; lastKnownFileType = sourcecode.c.objc; path = BestGroupModel.m; sourceTree = "<group>"; };
		BE696E601EC2F23500CC1080 /* HeroWeekDataModel.h */ = {isa = PBXFileReference; fileEncoding = 4; lastKnownFileType = sourcecode.c.h; path = HeroWeekDataModel.h; sourceTree = "<group>"; };
		BE696E611EC2F23500CC1080 /* HeroWeekDataModel.m */ = {isa = PBXFileReference; fileEncoding = 4; lastKnownFileType = sourcecode.c.objc; path = HeroWeekDataModel.m; sourceTree = "<group>"; };
		BE77C1D71EC565CF0025D288 /* DuoWanTabBarController.h */ = {isa = PBXFileReference; fileEncoding = 4; lastKnownFileType = sourcecode.c.h; path = DuoWanTabBarController.h; sourceTree = "<group>"; };
		BE77C1D81EC565CF0025D288 /* DuoWanTabBarController.m */ = {isa = PBXFileReference; fileEncoding = 4; lastKnownFileType = sourcecode.c.objc; path = DuoWanTabBarController.m; sourceTree = "<group>"; };
		BE77C1DA1EC566FC0025D288 /* TuWanViewController.h */ = {isa = PBXFileReference; fileEncoding = 4; lastKnownFileType = sourcecode.c.h; path = TuWanViewController.h; sourceTree = "<group>"; };
		BE77C1DB1EC566FC0025D288 /* TuWanViewController.m */ = {isa = PBXFileReference; fileEncoding = 4; lastKnownFileType = sourcecode.c.objc; path = TuWanViewController.m; sourceTree = "<group>"; };
		BE77C1DD1EC567290025D288 /* MyInfoViewController.h */ = {isa = PBXFileReference; fileEncoding = 4; lastKnownFileType = sourcecode.c.h; path = MyInfoViewController.h; sourceTree = "<group>"; };
		BE77C1DE1EC567290025D288 /* MyInfoViewController.m */ = {isa = PBXFileReference; fileEncoding = 4; lastKnownFileType = sourcecode.c.objc; path = MyInfoViewController.m; sourceTree = "<group>"; };
		BE77C1E01EC567610025D288 /* RankListViewController.h */ = {isa = PBXFileReference; fileEncoding = 4; lastKnownFileType = sourcecode.c.h; path = RankListViewController.h; sourceTree = "<group>"; };
		BE77C1E11EC567610025D288 /* RankListViewController.m */ = {isa = PBXFileReference; fileEncoding = 4; lastKnownFileType = sourcecode.c.objc; path = RankListViewController.m; sourceTree = "<group>"; };
		BE77C1E31EC568B00025D288 /* LeftViewController.h */ = {isa = PBXFileReference; fileEncoding = 4; lastKnownFileType = sourcecode.c.h; path = LeftViewController.h; sourceTree = "<group>"; };
		BE77C1E41EC568B00025D288 /* LeftViewController.m */ = {isa = PBXFileReference; fileEncoding = 4; lastKnownFileType = sourcecode.c.objc; path = LeftViewController.m; sourceTree = "<group>"; };
		BE78C6451EC461E60000E866 /* RankingListModel.h */ = {isa = PBXFileReference; fileEncoding = 4; lastKnownFileType = sourcecode.c.h; path = RankingListModel.h; sourceTree = "<group>"; };
		BE78C6461EC461E60000E866 /* RankingListModel.m */ = {isa = PBXFileReference; fileEncoding = 4; lastKnownFileType = sourcecode.c.objc; path = RankingListModel.m; sourceTree = "<group>"; };
		BE78C6481EC463280000E866 /* AlbumModel.h */ = {isa = PBXFileReference; fileEncoding = 4; lastKnownFileType = sourcecode.c.h; path = AlbumModel.h; sourceTree = "<group>"; };
		BE78C6491EC463280000E866 /* AlbumModel.m */ = {isa = PBXFileReference; fileEncoding = 4; lastKnownFileType = sourcecode.c.objc; path = AlbumModel.m; sourceTree = "<group>"; };
		BE94D39E1EC2CF2B002D5311 /* FreeHeroModel.h */ = {isa = PBXFileReference; fileEncoding = 4; lastKnownFileType = sourcecode.c.h; path = FreeHeroModel.h; sourceTree = "<group>"; };
		BE94D39F1EC2CF2B002D5311 /* FreeHeroModel.m */ = {isa = PBXFileReference; fileEncoding = 4; lastKnownFileType = sourcecode.c.objc; path = FreeHeroModel.m; sourceTree = "<group>"; };
		BE94D3A11EC2CF7D002D5311 /* AllHeroModel.h */ = {isa = PBXFileReference; fileEncoding = 4; lastKnownFileType = sourcecode.c.h; path = AllHeroModel.h; sourceTree = "<group>"; };
		BE94D3A21EC2CF7D002D5311 /* AllHeroModel.m */ = {isa = PBXFileReference; fileEncoding = 4; lastKnownFileType = sourcecode.c.objc; path = AllHeroModel.m; sourceTree = "<group>"; };
		BE94D3A41EC2DBE4002D5311 /* HeroSkinModel.h */ = {isa = PBXFileReference; fileEncoding = 4; lastKnownFileType = sourcecode.c.h; path = HeroSkinModel.h; sourceTree = "<group>"; };
		BE94D3A51EC2DBE4002D5311 /* HeroSkinModel.m */ = {isa = PBXFileReference; fileEncoding = 4; lastKnownFileType = sourcecode.c.objc; path = HeroSkinModel.m; sourceTree = "<group>"; };
		BE94D3A71EC2DEE2002D5311 /* HeroVideoModel.h */ = {isa = PBXFileReference; fileEncoding = 4; lastKnownFileType = sourcecode.c.h; path = HeroVideoModel.h; sourceTree = "<group>"; };
		BE94D3A81EC2DEE2002D5311 /* HeroVideoModel.m */ = {isa = PBXFileReference; fileEncoding = 4; lastKnownFileType = sourcecode.c.objc; path = HeroVideoModel.m; sourceTree = "<group>"; };
		BE94D3AA1EC2DFEB002D5311 /* HeroCZModel.h */ = {isa = PBXFileReference; fileEncoding = 4; lastKnownFileType = sourcecode.c.h; path = HeroCZModel.h; sourceTree = "<group>"; };
		BE94D3AB1EC2DFEB002D5311 /* HeroCZModel.m */ = {isa = PBXFileReference; fileEncoding = 4; lastKnownFileType = sourcecode.c.objc; path = HeroCZModel.m; sourceTree = "<group>"; };
		BE94D3AD1EC2E14B002D5311 /* HeroDetailModel.h */ = {isa = PBXFileReference; fileEncoding = 4; lastKnownFileType = sourcecode.c.h; path = HeroDetailModel.h; sourceTree = "<group>"; };
		BE94D3AE1EC2E14B002D5311 /* HeroDetailModel.m */ = {isa = PBXFileReference; fileEncoding = 4; lastKnownFileType = sourcecode.c.objc; path = HeroDetailModel.m; sourceTree = "<group>"; };
		BE94D3B01EC2E770002D5311 /* HeroGiftModel.h */ = {isa = PBXFileReference; fileEncoding = 4; lastKnownFileType = sourcecode.c.h; path = HeroGiftModel.h; sourceTree = "<group>"; };
		BE94D3B11EC2E770002D5311 /* HeroGiftModel.m */ = {isa = PBXFileReference; fileEncoding = 4; lastKnownFileType = sourcecode.c.objc; path = HeroGiftModel.m; sourceTree = "<group>"; };
		BE94D3B31EC2E81B002D5311 /* HeroChangeModel.h */ = {isa = PBXFileReference; fileEncoding = 4; lastKnownFileType = sourcecode.c.h; path = HeroChangeModel.h; sourceTree = "<group>"; };
		BE94D3B41EC2E81B002D5311 /* HeroChangeModel.m */ = {isa = PBXFileReference; fileEncoding = 4; lastKnownFileType = sourcecode.c.objc; path = HeroChangeModel.m; sourceTree = "<group>"; };
		BE94D3B61EC2E93B002D5311 /* ToolMenuModel.h */ = {isa = PBXFileReference; fileEncoding = 4; lastKnownFileType = sourcecode.c.h; path = ToolMenuModel.h; sourceTree = "<group>"; };
		BE94D3B71EC2E93B002D5311 /* ToolMenuModel.m */ = {isa = PBXFileReference; fileEncoding = 4; lastKnownFileType = sourcecode.c.objc; path = ToolMenuModel.m; sourceTree = "<group>"; };
		BE94D3B91EC2E9B7002D5311 /* ZBCategoryModel.h */ = {isa = PBXFileReference; fileEncoding = 4; lastKnownFileType = sourcecode.c.h; path = ZBCategoryModel.h; sourceTree = "<group>"; };
		BE94D3BA1EC2E9B7002D5311 /* ZBCategoryModel.m */ = {isa = PBXFileReference; fileEncoding = 4; lastKnownFileType = sourcecode.c.objc; path = ZBCategoryModel.m; sourceTree = "<group>"; };
		BE94D3BC1EC2EA17002D5311 /* ZBItemModel.h */ = {isa = PBXFileReference; fileEncoding = 4; lastKnownFileType = sourcecode.c.h; path = ZBItemModel.h; sourceTree = "<group>"; };
		BE94D3BD1EC2EA17002D5311 /* ZBItemModel.m */ = {isa = PBXFileReference; fileEncoding = 4; lastKnownFileType = sourcecode.c.objc; path = ZBItemModel.m; sourceTree = "<group>"; };
		BE94D3BF1EC2EB03002D5311 /* ZBDetailModel.h */ = {isa = PBXFileReference; fileEncoding = 4; lastKnownFileType = sourcecode.c.h; path = ZBDetailModel.h; sourceTree = "<group>"; };
		BE94D3C01EC2EB03002D5311 /* ZBDetailModel.m */ = {isa = PBXFileReference; fileEncoding = 4; lastKnownFileType = sourcecode.c.objc; path = ZBDetailModel.m; sourceTree = "<group>"; };
		BEB37D9A1EA760C200FE155F /* MyProject.app */ = {isa = PBXFileReference; explicitFileType = wrapper.application; includeInIndex = 0; path = MyProject.app; sourceTree = BUILT_PRODUCTS_DIR; };
		BEB37D9E1EA760C200FE155F /* main.m */ = {isa = PBXFileReference; lastKnownFileType = sourcecode.c.objc; path = main.m; sourceTree = "<group>"; };
		BEB37DA01EA760C200FE155F /* AppDelegate.h */ = {isa = PBXFileReference; lastKnownFileType = sourcecode.c.h; path = AppDelegate.h; sourceTree = "<group>"; };
		BEB37DA11EA760C200FE155F /* AppDelegate.m */ = {isa = PBXFileReference; lastKnownFileType = sourcecode.c.objc; path = AppDelegate.m; sourceTree = "<group>"; };
		BEB37DA71EA760C200FE155F /* Base */ = {isa = PBXFileReference; lastKnownFileType = file.storyboard; name = Base; path = Base.lproj/Main.storyboard; sourceTree = "<group>"; };
		BEB37DA91EA760C200FE155F /* Assets.xcassets */ = {isa = PBXFileReference; lastKnownFileType = folder.assetcatalog; name = Assets.xcassets; path = ../Assets.xcassets; sourceTree = "<group>"; };
		BEB37DAC1EA760C200FE155F /* Base */ = {isa = PBXFileReference; lastKnownFileType = file.storyboard; name = Base; path = Base.lproj/LaunchScreen.storyboard; sourceTree = "<group>"; };
		BEB37DAE1EA760C200FE155F /* Info.plist */ = {isa = PBXFileReference; lastKnownFileType = text.plist.xml; path = Info.plist; sourceTree = "<group>"; };
		BEB37DBD1EA7623400FE155F /* Constants.h */ = {isa = PBXFileReference; lastKnownFileType = sourcecode.c.h; path = Constants.h; sourceTree = "<group>"; };
		BEB37DBE1EA7627A00FE155F /* BaseModel.h */ = {isa = PBXFileReference; fileEncoding = 4; lastKnownFileType = sourcecode.c.h; path = BaseModel.h; sourceTree = "<group>"; };
		BEB37DBF1EA7627A00FE155F /* BaseModel.m */ = {isa = PBXFileReference; fileEncoding = 4; lastKnownFileType = sourcecode.c.objc; path = BaseModel.m; sourceTree = "<group>"; };
		BEB37DC11EA762AC00FE155F /* BaseNetManager.h */ = {isa = PBXFileReference; fileEncoding = 4; lastKnownFileType = sourcecode.c.h; path = BaseNetManager.h; sourceTree = "<group>"; };
		BEB37DC21EA762AC00FE155F /* BaseNetManager.m */ = {isa = PBXFileReference; fileEncoding = 4; lastKnownFileType = sourcecode.c.objc; path = BaseNetManager.m; sourceTree = "<group>"; };
		BEB37DC41EA7630B00FE155F /* PrefixHeader.pch */ = {isa = PBXFileReference; lastKnownFileType = sourcecode.c.h; path = PrefixHeader.pch; sourceTree = "<group>"; };
		BEB37DC61EA763A900FE155F /* ScrollDisplayViewController.h */ = {isa = PBXFileReference; fileEncoding = 4; lastKnownFileType = sourcecode.c.h; path = ScrollDisplayViewController.h; sourceTree = "<group>"; };
		BEB37DC71EA763A900FE155F /* ScrollDisplayViewController.m */ = {isa = PBXFileReference; fileEncoding = 4; lastKnownFileType = sourcecode.c.objc; path = ScrollDisplayViewController.m; sourceTree = "<group>"; };
		BEB37E631EADF37A00FE155F /* BaseViewModel.h */ = {isa = PBXFileReference; fileEncoding = 4; lastKnownFileType = sourcecode.c.h; path = BaseViewModel.h; sourceTree = "<group>"; };
		BEB37E641EADF37A00FE155F /* BaseViewModel.m */ = {isa = PBXFileReference; fileEncoding = 4; lastKnownFileType = sourcecode.c.objc; path = BaseViewModel.m; sourceTree = "<group>"; };
		BEB37E961EAF410200FE155F /* zh-Hans */ = {isa = PBXFileReference; lastKnownFileType = text.plist.strings; name = "zh-Hans"; path = "zh-Hans.lproj/Main.strings"; sourceTree = "<group>"; };
		BEB37E971EAF410200FE155F /* zh-Hans */ = {isa = PBXFileReference; lastKnownFileType = text.plist.strings; name = "zh-Hans"; path = "zh-Hans.lproj/LaunchScreen.strings"; sourceTree = "<group>"; };
		BEB37E981EAF4E7900FE155F /* libsqlite3.0.tbd */ = {isa = PBXFileReference; lastKnownFileType = "sourcecode.text-based-dylib-definition"; name = libsqlite3.0.tbd; path = usr/lib/libsqlite3.0.tbd; sourceTree = SDKROOT; };
		BEDFA75F1ED5319C005A45EB /* Factory.h */ = {isa = PBXFileReference; fileEncoding = 4; lastKnownFileType = sourcecode.c.h; path = Factory.h; sourceTree = "<group>"; };
		BEDFA7601ED5319C005A45EB /* Factory.m */ = {isa = PBXFileReference; fileEncoding = 4; lastKnownFileType = sourcecode.c.objc; path = Factory.m; sourceTree = "<group>"; };
		BEDFA7621ED53686005A45EB /* TuWanViewModel.h */ = {isa = PBXFileReference; fileEncoding = 4; lastKnownFileType = sourcecode.c.h; path = TuWanViewModel.h; sourceTree = "<group>"; };
		BEDFA7631ED53686005A45EB /* TuWanViewModel.m */ = {isa = PBXFileReference; fileEncoding = 4; lastKnownFileType = sourcecode.c.objc; path = TuWanViewModel.m; sourceTree = "<group>"; };
		BEDFA7651ED68712005A45EB /* TuWanListViewController.h */ = {isa = PBXFileReference; fileEncoding = 4; lastKnownFileType = sourcecode.c.h; path = TuWanListViewController.h; sourceTree = "<group>"; };
		BEDFA7661ED68712005A45EB /* TuWanListViewController.m */ = {isa = PBXFileReference; fileEncoding = 4; lastKnownFileType = sourcecode.c.objc; path = TuWanListViewController.m; sourceTree = "<group>"; };
		BEDFA7681ED687AB005A45EB /* TuWanListCell.h */ = {isa = PBXFileReference; fileEncoding = 4; lastKnownFileType = sourcecode.c.h; path = TuWanListCell.h; sourceTree = "<group>"; };
		BEDFA7691ED687AB005A45EB /* TuWanListCell.m */ = {isa = PBXFileReference; fileEncoding = 4; lastKnownFileType = sourcecode.c.objc; path = TuWanListCell.m; sourceTree = "<group>"; };
		BEDFA76B1ED6C0E8005A45EB /* TuWanImageCell.h */ = {isa = PBXFileReference; fileEncoding = 4; lastKnownFileType = sourcecode.c.h; path = TuWanImageCell.h; sourceTree = "<group>"; };
		BEDFA76C1ED6C0E8005A45EB /* TuWanImageCell.m */ = {isa = PBXFileReference; fileEncoding = 4; lastKnownFileType = sourcecode.c.objc; path = TuWanImageCell.m; sourceTree = "<group>"; };
		D6211ADE1C455B4ABF3B8907 /* libPods-MyProject.a */ = {isa = PBXFileReference; explicitFileType = archive.ar; includeInIndex = 0; path = "libPods-MyProject.a"; sourceTree = BUILT_PRODUCTS_DIR; };
/* End PBXFileReference section */

/* Begin PBXFrameworksBuildPhase section */
		BEB37D971EA760C200FE155F /* Frameworks */ = {
			isa = PBXFrameworksBuildPhase;
			buildActionMask = 2147483647;
			files = (
				BEB37E991EAF4E7900FE155F /* libsqlite3.0.tbd in Frameworks */,
				F400F60A8ADE41586FE89506 /* libPods-MyProject.a in Frameworks */,
			);
			runOnlyForDeploymentPostprocessing = 0;
		};
/* End PBXFrameworksBuildPhase section */

/* Begin PBXGroup section */
		1A4B2BBA450346DC9361F6F6 /* Frameworks */ = {
			isa = PBXGroup;
			children = (
				BEB37E981EAF4E7900FE155F /* libsqlite3.0.tbd */,
				D6211ADE1C455B4ABF3B8907 /* libPods-MyProject.a */,
			);
			name = Frameworks;
			sourceTree = "<group>";
		};
		1CEF35BF4F93DACFE1A7904D /* Pods */ = {
			isa = PBXGroup;
			children = (
				7BC8A589A3619F435457CCB6 /* Pods-MyProject.debug.xcconfig */,
				B7135650771331DC04E72018 /* Pods-MyProject.release.xcconfig */,
			);
			name = Pods;
			sourceTree = "<group>";
		};
		BE05146C1EBC34A7005A90B5 /* 多玩 */ = {
			isa = PBXGroup;
			children = (
				BE94D39E1EC2CF2B002D5311 /* FreeHeroModel.h */,
				BE94D39F1EC2CF2B002D5311 /* FreeHeroModel.m */,
				BE94D3A11EC2CF7D002D5311 /* AllHeroModel.h */,
				BE94D3A21EC2CF7D002D5311 /* AllHeroModel.m */,
				BE94D3A41EC2DBE4002D5311 /* HeroSkinModel.h */,
				BE94D3A51EC2DBE4002D5311 /* HeroSkinModel.m */,
				BE94D3A71EC2DEE2002D5311 /* HeroVideoModel.h */,
				BE94D3A81EC2DEE2002D5311 /* HeroVideoModel.m */,
				BE94D3AA1EC2DFEB002D5311 /* HeroCZModel.h */,
				BE94D3AB1EC2DFEB002D5311 /* HeroCZModel.m */,
				BE94D3AD1EC2E14B002D5311 /* HeroDetailModel.h */,
				BE94D3AE1EC2E14B002D5311 /* HeroDetailModel.m */,
				BE94D3B01EC2E770002D5311 /* HeroGiftModel.h */,
				BE94D3B11EC2E770002D5311 /* HeroGiftModel.m */,
				BE94D3B31EC2E81B002D5311 /* HeroChangeModel.h */,
				BE94D3B41EC2E81B002D5311 /* HeroChangeModel.m */,
				BE94D3B61EC2E93B002D5311 /* ToolMenuModel.h */,
				BE94D3B71EC2E93B002D5311 /* ToolMenuModel.m */,
				BE94D3B91EC2E9B7002D5311 /* ZBCategoryModel.h */,
				BE94D3BA1EC2E9B7002D5311 /* ZBCategoryModel.m */,
				BE94D3BC1EC2EA17002D5311 /* ZBItemModel.h */,
				BE94D3BD1EC2EA17002D5311 /* ZBItemModel.m */,
				BE94D3BF1EC2EB03002D5311 /* ZBDetailModel.h */,
				BE94D3C01EC2EB03002D5311 /* ZBDetailModel.m */,
				BE696E541EC2EC5000CC1080 /* GiftModel.h */,
				BE696E551EC2EC5000CC1080 /* GiftModel.m */,
				BE696E571EC2EE8C00CC1080 /* RuneModel.h */,
				BE696E581EC2EE8C00CC1080 /* RuneModel.m */,
				BE696E5A1EC2F0A800CC1080 /* SumAbilityModel.h */,
				BE696E5B1EC2F0A800CC1080 /* SumAbilityModel.m */,
				BE696E5D1EC2F15700CC1080 /* BestGroupModel.h */,
				BE696E5E1EC2F15700CC1080 /* BestGroupModel.m */,
				BE696E601EC2F23500CC1080 /* HeroWeekDataModel.h */,
				BE696E611EC2F23500CC1080 /* HeroWeekDataModel.m */,
			);
			path = "多玩";
			sourceTree = "<group>";
		};
		BE05146D1EBC34A7005A90B5 /* 兔玩 */ = {
			isa = PBXGroup;
			children = (
				BE3713D81EC550F000D918DC /* TuWanModel.h */,
				BE3713D91EC550F000D918DC /* TuWanModel.m */,
			);
			path = "兔玩";
			sourceTree = "<group>";
		};
		BE05146E1EBC34A7005A90B5 /* 喜马拉雅 */ = {
			isa = PBXGroup;
			children = (
				BE78C6451EC461E60000E866 /* RankingListModel.h */,
				BE78C6461EC461E60000E866 /* RankingListModel.m */,
				BE78C6481EC463280000E866 /* AlbumModel.h */,
				BE78C6491EC463280000E866 /* AlbumModel.m */,
			);
			path = "喜马拉雅";
			sourceTree = "<group>";
		};
		BE77C1CF1EC562F70025D288 /* 多玩盒子 */ = {
			isa = PBXGroup;
			children = (
				BE77C1D71EC565CF0025D288 /* DuoWanTabBarController.h */,
				BE77C1D81EC565CF0025D288 /* DuoWanTabBarController.m */,
			);
			path = "多玩盒子";
			sourceTree = "<group>";
		};
		BE77C1D01EC562F70025D288 /* 兔玩游戏 */ = {
			isa = PBXGroup;
			children = (
				BE77C1DA1EC566FC0025D288 /* TuWanViewController.h */,
				BE77C1DB1EC566FC0025D288 /* TuWanViewController.m */,
				BEDFA7651ED68712005A45EB /* TuWanListViewController.h */,
				BEDFA7661ED68712005A45EB /* TuWanListViewController.m */,
			);
			path = "兔玩游戏";
			sourceTree = "<group>";
		};
		BE77C1D11EC562F70025D288 /* 我的信息 */ = {
			isa = PBXGroup;
			children = (
				BE77C1DD1EC567290025D288 /* MyInfoViewController.h */,
				BE77C1DE1EC567290025D288 /* MyInfoViewController.m */,
			);
			path = "我的信息";
			sourceTree = "<group>";
		};
		BE77C1D21EC562F70025D288 /* 喜马拉雅 */ = {
			isa = PBXGroup;
			children = (
				BE77C1E01EC567610025D288 /* RankListViewController.h */,
				BE77C1E11EC567610025D288 /* RankListViewController.m */,
			);
			path = "喜马拉雅";
			sourceTree = "<group>";
		};
		BE77C1D31EC565160025D288 /* 多玩盒子 */ = {
			isa = PBXGroup;
			children = (
			);
			path = "多玩盒子";
			sourceTree = "<group>";
		};
		BE77C1D41EC565160025D288 /* 兔玩游戏 */ = {
			isa = PBXGroup;
			children = (
				BEDFA7621ED53686005A45EB /* TuWanViewModel.h */,
				BEDFA7631ED53686005A45EB /* TuWanViewModel.m */,
			);
			path = "兔玩游戏";
			sourceTree = "<group>";
		};
		BE77C1D51EC565160025D288 /* 我的信息 */ = {
			isa = PBXGroup;
			children = (
			);
			path = "我的信息";
			sourceTree = "<group>";
		};
		BE77C1D61EC565160025D288 /* 喜马拉雅 */ = {
			isa = PBXGroup;
			children = (
			);
			path = "喜马拉雅";
			sourceTree = "<group>";
		};
		BEB37D911EA760C200FE155F = {
			isa = PBXGroup;
			children = (
				BEB37D9C1EA760C200FE155F /* MyProject */,
				BEB37D9B1EA760C200FE155F /* Products */,
				1CEF35BF4F93DACFE1A7904D /* Pods */,
				1A4B2BBA450346DC9361F6F6 /* Frameworks */,
			);
			sourceTree = "<group>";
		};
		BEB37D9B1EA760C200FE155F /* Products */ = {
			isa = PBXGroup;
			children = (
				BEB37D9A1EA760C200FE155F /* MyProject.app */,
			);
			name = Products;
			sourceTree = "<group>";
		};
		BEB37D9C1EA760C200FE155F /* MyProject */ = {
			isa = PBXGroup;
			children = (
				BEB37DBC1EA761DD00FE155F /* Define */,
				BEB37DBB1EA761D400FE155F /* Model */,
				BEB37DBA1EA761CF00FE155F /* NetManager */,
				BEB37DB91EA761C600FE155F /* Resource */,
				BEB37DB81EA761C200FE155F /* Util */,
				BEB37DB71EA761BD00FE155F /* Vendor */,
				BEB37DB61EA761B800FE155F /* View */,
				BEB37DB51EA761B300FE155F /* ViewController */,
				BEB37DB41EA761AC00FE155F /* ViewModel */,
				BEB37DA01EA760C200FE155F /* AppDelegate.h */,
				BEB37DA11EA760C200FE155F /* AppDelegate.m */,
				BEB37D9D1EA760C200FE155F /* Supporting Files */,
			);
			path = MyProject;
			sourceTree = "<group>";
		};
		BEB37D9D1EA760C200FE155F /* Supporting Files */ = {
			isa = PBXGroup;
			children = (
				BEB37DAE1EA760C200FE155F /* Info.plist */,
				BEB37D9E1EA760C200FE155F /* main.m */,
			);
			name = "Supporting Files";
			sourceTree = "<group>";
		};
		BEB37DB41EA761AC00FE155F /* ViewModel */ = {
			isa = PBXGroup;
			children = (
				BE77C1D31EC565160025D288 /* 多玩盒子 */,
				BE77C1D41EC565160025D288 /* 兔玩游戏 */,
				BE77C1D51EC565160025D288 /* 我的信息 */,
				BE77C1D61EC565160025D288 /* 喜马拉雅 */,
				BEB37E631EADF37A00FE155F /* BaseViewModel.h */,
				BEB37E641EADF37A00FE155F /* BaseViewModel.m */,
			);
			path = ViewModel;
			sourceTree = "<group>";
		};
		BEB37DB51EA761B300FE155F /* ViewController */ = {
			isa = PBXGroup;
			children = (
				BE77C1CF1EC562F70025D288 /* 多玩盒子 */,
				BE77C1D01EC562F70025D288 /* 兔玩游戏 */,
				BE77C1D11EC562F70025D288 /* 我的信息 */,
				BE77C1D21EC562F70025D288 /* 喜马拉雅 */,
				BE77C1E31EC568B00025D288 /* LeftViewController.h */,
				BE77C1E41EC568B00025D288 /* LeftViewController.m */,
			);
			path = ViewController;
			sourceTree = "<group>";
		};
		BEB37DB61EA761B800FE155F /* View */ = {
			isa = PBXGroup;
			children = (
				BEDFA7681ED687AB005A45EB /* TuWanListCell.h */,
				BEDFA7691ED687AB005A45EB /* TuWanListCell.m */,
				BEDFA76B1ED6C0E8005A45EB /* TuWanImageCell.h */,
				BEDFA76C1ED6C0E8005A45EB /* TuWanImageCell.m */,
			);
			path = View;
			sourceTree = "<group>";
		};
		BEB37DB71EA761BD00FE155F /* Vendor */ = {
			isa = PBXGroup;
			children = (
			);
			path = Vendor;
			sourceTree = "<group>";
		};
		BEB37DB81EA761C200FE155F /* Util */ = {
			isa = PBXGroup;
			children = (
				BEB37DC51EA7637C00FE155F /* ScrollDisplay */,
				BEB37DC91EA763E700FE155F /* Category */,
				BEDFA75F1ED5319C005A45EB /* Factory.h */,
				BEDFA7601ED5319C005A45EB /* Factory.m */,
			);
			path = Util;
			sourceTree = "<group>";
		};
		BEB37DB91EA761C600FE155F /* Resource */ = {
			isa = PBXGroup;
			children = (
				BEB37DA61EA760C200FE155F /* Main.storyboard */,
				BEB37DA91EA760C200FE155F /* Assets.xcassets */,
				BEB37DAB1EA760C200FE155F /* LaunchScreen.storyboard */,
				BEB37DC41EA7630B00FE155F /* PrefixHeader.pch */,
			);
			path = Resource;
			sourceTree = "<group>";
		};
		BEB37DBA1EA761CF00FE155F /* NetManager */ = {
			isa = PBXGroup;
			children = (
				BEB37DC11EA762AC00FE155F /* BaseNetManager.h */,
				BEB37DC21EA762AC00FE155F /* BaseNetManager.m */,
				BE05148A1EBC7556005A90B5 /* DuoWanNetManager.h */,
				BE05148B1EBC7556005A90B5 /* DuoWanNetManager.m */,
				BE3713DB1EC5511100D918DC /* TuWanNetManager.h */,
				BE3713DC1EC5511100D918DC /* TuWanNetManager.m */,
				BE0514901EBC757D005A90B5 /* XiMaNetManager.h */,
				BE0514911EBC757D005A90B5 /* XiMaNetManager.m */,
			);
			path = NetManager;
			sourceTree = "<group>";
		};
		BEB37DBB1EA761D400FE155F /* Model */ = {
			isa = PBXGroup;
			children = (
				BE05146C1EBC34A7005A90B5 /* 多玩 */,
				BE05146D1EBC34A7005A90B5 /* 兔玩 */,
				BE05146E1EBC34A7005A90B5 /* 喜马拉雅 */,
				BEB37DBE1EA7627A00FE155F /* BaseModel.h */,
				BEB37DBF1EA7627A00FE155F /* BaseModel.m */,
			);
			path = Model;
			sourceTree = "<group>";
		};
		BEB37DBC1EA761DD00FE155F /* Define */ = {
			isa = PBXGroup;
			children = (
				BEB37DBD1EA7623400FE155F /* Constants.h */,
			);
			path = Define;
			sourceTree = "<group>";
		};
		BEB37DC51EA7637C00FE155F /* ScrollDisplay */ = {
			isa = PBXGroup;
			children = (
				BEB37DC61EA763A900FE155F /* ScrollDisplayViewController.h */,
				BEB37DC71EA763A900FE155F /* ScrollDisplayViewController.m */,
			);
			path = ScrollDisplay;
			sourceTree = "<group>";
		};
		BEB37DC91EA763E700FE155F /* Category */ = {
			isa = PBXGroup;
			children = (
				BE0514691EBC3309005A90B5 /* AppDelegate+Category.h */,
				BE05146A1EBC3309005A90B5 /* AppDelegate+Category.m */,
				BE05145C1EBC30D2005A90B5 /* NSObject+Common.h */,
				BE05145D1EBC30D2005A90B5 /* NSObject+Common.m */,
				BE05145E1EBC30D2005A90B5 /* NSString+PJR.h */,
				BE05145F1EBC30D2005A90B5 /* NSString+PJR.m */,
				BE0514601EBC30D2005A90B5 /* NSString+QRCode.h */,
				BE0514611EBC30D2005A90B5 /* NSString+QRCode.m */,
			);
			path = Category;
			sourceTree = "<group>";
		};
/* End PBXGroup section */

/* Begin PBXNativeTarget section */
		BEB37D991EA760C200FE155F /* MyProject */ = {
			isa = PBXNativeTarget;
			buildConfigurationList = BEB37DB11EA760C200FE155F /* Build configuration list for PBXNativeTarget "MyProject" */;
			buildPhases = (
				865BE1D2BFA56FEAF160B022 /* [CP] Check Pods Manifest.lock */,
				BEB37D961EA760C200FE155F /* Sources */,
				BEB37D971EA760C200FE155F /* Frameworks */,
				BEB37D981EA760C200FE155F /* Resources */,
				BFC57BF7649657B46EDBF341 /* [CP] Embed Pods Frameworks */,
				95535A60D9CD564744720E70 /* [CP] Copy Pods Resources */,
			);
			buildRules = (
			);
			dependencies = (
			);
			name = MyProject;
			productName = MyProject;
			productReference = BEB37D9A1EA760C200FE155F /* MyProject.app */;
			productType = "com.apple.product-type.application";
		};
/* End PBXNativeTarget section */

/* Begin PBXProject section */
		BEB37D921EA760C200FE155F /* Project object */ = {
			isa = PBXProject;
			attributes = {
				LastUpgradeCheck = 0830;
				ORGANIZATIONNAME = will;
				TargetAttributes = {
					BEB37D991EA760C200FE155F = {
						CreatedOnToolsVersion = 8.3.1;
						DevelopmentTeam = RY6LLVSEC8;
						ProvisioningStyle = Automatic;
					};
				};
			};
			buildConfigurationList = BEB37D951EA760C200FE155F /* Build configuration list for PBXProject "MyProject" */;
			compatibilityVersion = "Xcode 3.2";
			developmentRegion = English;
			hasScannedForEncodings = 0;
			knownRegions = (
				en,
				Base,
			);
			mainGroup = BEB37D911EA760C200FE155F;
			productRefGroup = BEB37D9B1EA760C200FE155F /* Products */;
			projectDirPath = "";
			projectRoot = "";
			targets = (
				BEB37D991EA760C200FE155F /* MyProject */,
			);
		};
/* End PBXProject section */

/* Begin PBXResourcesBuildPhase section */
		BEB37D981EA760C200FE155F /* Resources */ = {
			isa = PBXResourcesBuildPhase;
			buildActionMask = 2147483647;
			files = (
				BEB37DAD1EA760C200FE155F /* LaunchScreen.storyboard in Resources */,
				BEB37DAA1EA760C200FE155F /* Assets.xcassets in Resources */,
				BEB37DA81EA760C200FE155F /* Main.storyboard in Resources */,
			);
			runOnlyForDeploymentPostprocessing = 0;
		};
/* End PBXResourcesBuildPhase section */

/* Begin PBXShellScriptBuildPhase section */
		865BE1D2BFA56FEAF160B022 /* [CP] Check Pods Manifest.lock */ = {
			isa = PBXShellScriptBuildPhase;
			buildActionMask = 2147483647;
			files = (
			);
			inputPaths = (
			);
			name = "[CP] Check Pods Manifest.lock";
			outputPaths = (
			);
			runOnlyForDeploymentPostprocessing = 0;
			shellPath = /bin/sh;
			shellScript = "diff \"${PODS_ROOT}/../Podfile.lock\" \"${PODS_ROOT}/Manifest.lock\" > /dev/null\nif [ $? != 0 ] ; then\n    # print error to STDERR\n    echo \"error: The sandbox is not in sync with the Podfile.lock. Run 'pod install' or update your CocoaPods installation.\" >&2\n    exit 1\nfi\n";
			showEnvVarsInLog = 0;
		};
		95535A60D9CD564744720E70 /* [CP] Copy Pods Resources */ = {
			isa = PBXShellScriptBuildPhase;
			buildActionMask = 2147483647;
			files = (
			);
			inputPaths = (
			);
			name = "[CP] Copy Pods Resources";
			outputPaths = (
			);
			runOnlyForDeploymentPostprocessing = 0;
			shellPath = /bin/sh;
			shellScript = "\"${SRCROOT}/Pods/Target Support Files/Pods-MyProject/Pods-MyProject-resources.sh\"\n";
			showEnvVarsInLog = 0;
		};
		BFC57BF7649657B46EDBF341 /* [CP] Embed Pods Frameworks */ = {
			isa = PBXShellScriptBuildPhase;
			buildActionMask = 2147483647;
			files = (
			);
			inputPaths = (
			);
			name = "[CP] Embed Pods Frameworks";
			outputPaths = (
			);
			runOnlyForDeploymentPostprocessing = 0;
			shellPath = /bin/sh;
			shellScript = "\"${SRCROOT}/Pods/Target Support Files/Pods-MyProject/Pods-MyProject-frameworks.sh\"\n";
			showEnvVarsInLog = 0;
		};
/* End PBXShellScriptBuildPhase section */

/* Begin PBXSourcesBuildPhase section */
		BEB37D961EA760C200FE155F /* Sources */ = {
			isa = PBXSourcesBuildPhase;
			buildActionMask = 2147483647;
			files = (
				BE78C6471EC461E60000E866 /* RankingListModel.m in Sources */,
				BE696E5F1EC2F15700CC1080 /* BestGroupModel.m in Sources */,
				BEB37DC31EA762AC00FE155F /* BaseNetManager.m in Sources */,
				BEB37E651EADF37A00FE155F /* BaseViewModel.m in Sources */,
				BE696E5C1EC2F0A800CC1080 /* SumAbilityModel.m in Sources */,
				BE3713DD1EC5511100D918DC /* TuWanNetManager.m in Sources */,
				BE3713DA1EC550F000D918DC /* TuWanModel.m in Sources */,
				BEDFA7611ED5319C005A45EB /* Factory.m in Sources */,
				BE94D3A31EC2CF7D002D5311 /* AllHeroModel.m in Sources */,
				BE78C64A1EC463280000E866 /* AlbumModel.m in Sources */,
				BE94D3AC1EC2DFEB002D5311 /* HeroCZModel.m in Sources */,
				BE94D3AF1EC2E14B002D5311 /* HeroDetailModel.m in Sources */,
				BE94D3B81EC2E93B002D5311 /* ToolMenuModel.m in Sources */,
				BE0514921EBC757D005A90B5 /* XiMaNetManager.m in Sources */,
				BEDFA7671ED68712005A45EB /* TuWanListViewController.m in Sources */,
				BEB37DA21EA760C200FE155F /* AppDelegate.m in Sources */,
				BE696E561EC2EC5000CC1080 /* GiftModel.m in Sources */,
				BE0514631EBC30D2005A90B5 /* NSObject+Common.m in Sources */,
				BE0514651EBC30D2005A90B5 /* NSString+QRCode.m in Sources */,
				BE05146B1EBC3309005A90B5 /* AppDelegate+Category.m in Sources */,
				BE94D3BB1EC2E9B7002D5311 /* ZBCategoryModel.m in Sources */,
				BE94D3A61EC2DBE4002D5311 /* HeroSkinModel.m in Sources */,
				BEB37DC01EA7627A00FE155F /* BaseModel.m in Sources */,
				BE696E621EC2F23500CC1080 /* HeroWeekDataModel.m in Sources */,
				BE77C1DF1EC567290025D288 /* MyInfoViewController.m in Sources */,
				BE94D3B51EC2E81B002D5311 /* HeroChangeModel.m in Sources */,
				BE77C1D91EC565CF0025D288 /* DuoWanTabBarController.m in Sources */,
				BE94D3BE1EC2EA17002D5311 /* ZBItemModel.m in Sources */,
				BE94D3B21EC2E770002D5311 /* HeroGiftModel.m in Sources */,
				BEDFA76D1ED6C0E8005A45EB /* TuWanImageCell.m in Sources */,
				BE77C1E51EC568B00025D288 /* LeftViewController.m in Sources */,
				BE94D3A01EC2CF2B002D5311 /* FreeHeroModel.m in Sources */,
				BEDFA7641ED53686005A45EB /* TuWanViewModel.m in Sources */,
				BE77C1E21EC567610025D288 /* RankListViewController.m in Sources */,
				BEDFA76A1ED687AB005A45EB /* TuWanListCell.m in Sources */,
				BE77C1DC1EC566FC0025D288 /* TuWanViewController.m in Sources */,
				BE94D3A91EC2DEE2002D5311 /* HeroVideoModel.m in Sources */,
				BE05148C1EBC7556005A90B5 /* DuoWanNetManager.m in Sources */,
				BE696E591EC2EE8C00CC1080 /* RuneModel.m in Sources */,
				BE94D3C11EC2EB03002D5311 /* ZBDetailModel.m in Sources */,
				BEB37DC81EA763A900FE155F /* ScrollDisplayViewController.m in Sources */,
				BEB37D9F1EA760C200FE155F /* main.m in Sources */,
				BE0514641EBC30D2005A90B5 /* NSString+PJR.m in Sources */,
			);
			runOnlyForDeploymentPostprocessing = 0;
		};
/* End PBXSourcesBuildPhase section */

/* Begin PBXVariantGroup section */
		BEB37DA61EA760C200FE155F /* Main.storyboard */ = {
			isa = PBXVariantGroup;
			children = (
				BEB37DA71EA760C200FE155F /* Base */,
				BEB37E961EAF410200FE155F /* zh-Hans */,
			);
			name = Main.storyboard;
			path = ..;
			sourceTree = "<group>";
		};
		BEB37DAB1EA760C200FE155F /* LaunchScreen.storyboard */ = {
			isa = PBXVariantGroup;
			children = (
				BEB37DAC1EA760C200FE155F /* Base */,
				BEB37E971EAF410200FE155F /* zh-Hans */,
			);
			name = LaunchScreen.storyboard;
			path = ..;
			sourceTree = "<group>";
		};
/* End PBXVariantGroup section */

/* Begin XCBuildConfiguration section */
		BEB37DAF1EA760C200FE155F /* Debug */ = {
			isa = XCBuildConfiguration;
			buildSettings = {
				ALWAYS_SEARCH_USER_PATHS = NO;
				CLANG_ANALYZER_LOCALIZABILITY_NONLOCALIZED = YES;
				CLANG_ANALYZER_NONNULL = YES;
				CLANG_ANALYZER_NUMBER_OBJECT_CONVERSION = YES_AGGRESSIVE;
				CLANG_CXX_LANGUAGE_STANDARD = "gnu++0x";
				CLANG_CXX_LIBRARY = "libc++";
				CLANG_ENABLE_MODULES = YES;
				CLANG_ENABLE_OBJC_ARC = YES;
				CLANG_WARN_BOOL_CONVERSION = YES;
				CLANG_WARN_CONSTANT_CONVERSION = YES;
				CLANG_WARN_DIRECT_OBJC_ISA_USAGE = YES_ERROR;
				CLANG_WARN_DOCUMENTATION_COMMENTS = YES;
				CLANG_WARN_EMPTY_BODY = YES;
				CLANG_WARN_ENUM_CONVERSION = YES;
				CLANG_WARN_INFINITE_RECURSION = YES;
				CLANG_WARN_INT_CONVERSION = YES;
				CLANG_WARN_OBJC_ROOT_CLASS = YES_ERROR;
				CLANG_WARN_SUSPICIOUS_MOVE = YES;
				CLANG_WARN_UNREACHABLE_CODE = YES;
				CLANG_WARN__DUPLICATE_METHOD_MATCH = YES;
				"CODE_SIGN_IDENTITY[sdk=iphoneos*]" = "iPhone Developer";
				COPY_PHASE_STRIP = NO;
				DEBUG_INFORMATION_FORMAT = dwarf;
				ENABLE_STRICT_OBJC_MSGSEND = YES;
				ENABLE_TESTABILITY = YES;
				GCC_C_LANGUAGE_STANDARD = gnu99;
				GCC_DYNAMIC_NO_PIC = NO;
				GCC_NO_COMMON_BLOCKS = YES;
				GCC_OPTIMIZATION_LEVEL = 0;
				GCC_PREPROCESSOR_DEFINITIONS = (
					"DEBUG=1",
					"$(inherited)",
				);
				GCC_WARN_64_TO_32_BIT_CONVERSION = YES;
				GCC_WARN_ABOUT_RETURN_TYPE = YES_ERROR;
				GCC_WARN_UNDECLARED_SELECTOR = YES;
				GCC_WARN_UNINITIALIZED_AUTOS = YES_AGGRESSIVE;
				GCC_WARN_UNUSED_FUNCTION = YES;
				GCC_WARN_UNUSED_VARIABLE = YES;
				IPHONEOS_DEPLOYMENT_TARGET = 10.3;
				MTL_ENABLE_DEBUG_INFO = YES;
				ONLY_ACTIVE_ARCH = YES;
				SDKROOT = iphoneos;
			};
			name = Debug;
		};
		BEB37DB01EA760C200FE155F /* Release */ = {
			isa = XCBuildConfiguration;
			buildSettings = {
				ALWAYS_SEARCH_USER_PATHS = NO;
				CLANG_ANALYZER_LOCALIZABILITY_NONLOCALIZED = YES;
				CLANG_ANALYZER_NONNULL = YES;
				CLANG_ANALYZER_NUMBER_OBJECT_CONVERSION = YES_AGGRESSIVE;
				CLANG_CXX_LANGUAGE_STANDARD = "gnu++0x";
				CLANG_CXX_LIBRARY = "libc++";
				CLANG_ENABLE_MODULES = YES;
				CLANG_ENABLE_OBJC_ARC = YES;
				CLANG_WARN_BOOL_CONVERSION = YES;
				CLANG_WARN_CONSTANT_CONVERSION = YES;
				CLANG_WARN_DIRECT_OBJC_ISA_USAGE = YES_ERROR;
				CLANG_WARN_DOCUMENTATION_COMMENTS = YES;
				CLANG_WARN_EMPTY_BODY = YES;
				CLANG_WARN_ENUM_CONVERSION = YES;
				CLANG_WARN_INFINITE_RECURSION = YES;
				CLANG_WARN_INT_CONVERSION = YES;
				CLANG_WARN_OBJC_ROOT_CLASS = YES_ERROR;
				CLANG_WARN_SUSPICIOUS_MOVE = YES;
				CLANG_WARN_UNREACHABLE_CODE = YES;
				CLANG_WARN__DUPLICATE_METHOD_MATCH = YES;
				"CODE_SIGN_IDENTITY[sdk=iphoneos*]" = "iPhone Developer";
				COPY_PHASE_STRIP = NO;
				DEBUG_INFORMATION_FORMAT = "dwarf-with-dsym";
				ENABLE_NS_ASSERTIONS = NO;
				ENABLE_STRICT_OBJC_MSGSEND = YES;
				GCC_C_LANGUAGE_STANDARD = gnu99;
				GCC_NO_COMMON_BLOCKS = YES;
				GCC_WARN_64_TO_32_BIT_CONVERSION = YES;
				GCC_WARN_ABOUT_RETURN_TYPE = YES_ERROR;
				GCC_WARN_UNDECLARED_SELECTOR = YES;
				GCC_WARN_UNINITIALIZED_AUTOS = YES_AGGRESSIVE;
				GCC_WARN_UNUSED_FUNCTION = YES;
				GCC_WARN_UNUSED_VARIABLE = YES;
				IPHONEOS_DEPLOYMENT_TARGET = 10.3;
				MTL_ENABLE_DEBUG_INFO = NO;
				SDKROOT = iphoneos;
				VALIDATE_PRODUCT = YES;
			};
			name = Release;
		};
		BEB37DB21EA760C200FE155F /* Debug */ = {
			isa = XCBuildConfiguration;
			baseConfigurationReference = 7BC8A589A3619F435457CCB6 /* Pods-MyProject.debug.xcconfig */;
			buildSettings = {
				ASSETCATALOG_COMPILER_APPICON_NAME = AppIcon;
				ASSETCATALOG_COMPILER_LAUNCHIMAGE_NAME = LaunchImage;
				DEVELOPMENT_TEAM = RY6LLVSEC8;
				GCC_PRECOMPILE_PREFIX_HEADER = YES;
				GCC_PREFIX_HEADER = "/Users/will/Desktop/达内/项目/玩/MyProject/Resource/PrefixHeader.pch";
				INFOPLIST_FILE = MyProject/Info.plist;
				LD_RUNPATH_SEARCH_PATHS = "$(inherited) @executable_path/Frameworks";
				PRODUCT_BUNDLE_IDENTIFIER = com.will.MyProject;
				PRODUCT_NAME = "$(TARGET_NAME)";
			};
			name = Debug;
		};
		BEB37DB31EA760C200FE155F /* Release */ = {
			isa = XCBuildConfiguration;
			baseConfigurationReference = B7135650771331DC04E72018 /* Pods-MyProject.release.xcconfig */;
			buildSettings = {
				ASSETCATALOG_COMPILER_APPICON_NAME = AppIcon;
				ASSETCATALOG_COMPILER_LAUNCHIMAGE_NAME = LaunchImage;
				DEVELOPMENT_TEAM = RY6LLVSEC8;
				GCC_PRECOMPILE_PREFIX_HEADER = YES;
				GCC_PREFIX_HEADER = "/Users/will/Desktop/达内/项目/玩/MyProject/Resource/PrefixHeader.pch";
				INFOPLIST_FILE = MyProject/Info.plist;
				LD_RUNPATH_SEARCH_PATHS = "$(inherited) @executable_path/Frameworks";
				PRODUCT_BUNDLE_IDENTIFIER = com.will.MyProject;
				PRODUCT_NAME = "$(TARGET_NAME)";
			};
			name = Release;
		};
/* End XCBuildConfiguration section */

/* Begin XCConfigurationList section */
		BEB37D951EA760C200FE155F /* Build configuration list for PBXProject "MyProject" */ = {
			isa = XCConfigurationList;
			buildConfigurations = (
				BEB37DAF1EA760C200FE155F /* Debug */,
				BEB37DB01EA760C200FE155F /* Release */,
			);
			defaultConfigurationIsVisible = 0;
			defaultConfigurationName = Release;
		};
		BEB37DB11EA760C200FE155F /* Build configuration list for PBXNativeTarget "MyProject" */ = {
			isa = XCConfigurationList;
			buildConfigurations = (
				BEB37DB21EA760C200FE155F /* Debug */,
				BEB37DB31EA760C200FE155F /* Release */,
			);
			defaultConfigurationIsVisible = 0;
			defaultConfigurationName = Release;
		};
/* End XCConfigurationList section */
	};
	rootObject = BEB37D921EA760C200FE155F /* Project object */;
}
